// !$*UTF8*$!
{
	archiveVersion = 1;
	classes = {
	};
	objectVersion = 46;
	objects = {

/* Begin PBXBuildFile section */
		81D452241F1ED0F800F4D32E /* AppDelegate.swift in Sources */ = {isa = PBXBuildFile; fileRef = 81D452231F1ED0F800F4D32E /* AppDelegate.swift */; };
		81D452291F1ED0F800F4D32E /* Main.storyboard in Resources */ = {isa = PBXBuildFile; fileRef = 81D452271F1ED0F800F4D32E /* Main.storyboard */; };
		81D4522B1F1ED0F800F4D32E /* Assets.xcassets in Resources */ = {isa = PBXBuildFile; fileRef = 81D4522A1F1ED0F800F4D32E /* Assets.xcassets */; };
		81D4522E1F1ED0F800F4D32E /* LaunchScreen.storyboard in Resources */ = {isa = PBXBuildFile; fileRef = 81D4522C1F1ED0F800F4D32E /* LaunchScreen.storyboard */; };
		81D452391F1ED0F800F4D32E /* MTN2RVRTests.swift in Sources */ = {isa = PBXBuildFile; fileRef = 81D452381F1ED0F800F4D32E /* MTN2RVRTests.swift */; };
		81D452441F1ED0F800F4D32E /* MTN2RVRUITests.swift in Sources */ = {isa = PBXBuildFile; fileRef = 81D452431F1ED0F800F4D32E /* MTN2RVRUITests.swift */; };
		81FA7E411F2ACA3F001F5E49 /* MTN2RVR.xcdatamodeld in Sources */ = {isa = PBXBuildFile; fileRef = 81FA7E3F1F2ACA3F001F5E49 /* MTN2RVR.xcdatamodeld */; };
/* End PBXBuildFile section */

/* Begin PBXContainerItemProxy section */
		81D452351F1ED0F800F4D32E /* PBXContainerItemProxy */ = {
			isa = PBXContainerItemProxy;
			containerPortal = 81D452181F1ED0F800F4D32E /* Project object */;
			proxyType = 1;
			remoteGlobalIDString = 81D4521F1F1ED0F800F4D32E;
			remoteInfo = MTN2RVR;
		};
		81D452401F1ED0F800F4D32E /* PBXContainerItemProxy */ = {
			isa = PBXContainerItemProxy;
			containerPortal = 81D452181F1ED0F800F4D32E /* Project object */;
			proxyType = 1;
			remoteGlobalIDString = 81D4521F1F1ED0F800F4D32E;
			remoteInfo = MTN2RVR;
		};
/* End PBXContainerItemProxy section */

/* Begin PBXFileReference section */
		81D452201F1ED0F800F4D32E /* MTN2RVR.app */ = {isa = PBXFileReference; explicitFileType = wrapper.application; includeInIndex = 0; path = MTN2RVR.app; sourceTree = BUILT_PRODUCTS_DIR; };
		81D452231F1ED0F800F4D32E /* AppDelegate.swift */ = {isa = PBXFileReference; lastKnownFileType = sourcecode.swift; path = AppDelegate.swift; sourceTree = "<group>"; };
		81D452281F1ED0F800F4D32E /* Base */ = {isa = PBXFileReference; lastKnownFileType = file.storyboard; name = Base; path = Base.lproj/Main.storyboard; sourceTree = "<group>"; };
		81D4522A1F1ED0F800F4D32E /* Assets.xcassets */ = {isa = PBXFileReference; lastKnownFileType = folder.assetcatalog; path = Assets.xcassets; sourceTree = "<group>"; };
		81D4522D1F1ED0F800F4D32E /* Base */ = {isa = PBXFileReference; lastKnownFileType = file.storyboard; name = Base; path = Base.lproj/LaunchScreen.storyboard; sourceTree = "<group>"; };
		81D4522F1F1ED0F800F4D32E /* Info.plist */ = {isa = PBXFileReference; lastKnownFileType = text.plist.xml; path = Info.plist; sourceTree = "<group>"; };
		81D452341F1ED0F800F4D32E /* MTN2RVRTests.xctest */ = {isa = PBXFileReference; explicitFileType = wrapper.cfbundle; includeInIndex = 0; path = MTN2RVRTests.xctest; sourceTree = BUILT_PRODUCTS_DIR; };
		81D452381F1ED0F800F4D32E /* MTN2RVRTests.swift */ = {isa = PBXFileReference; lastKnownFileType = sourcecode.swift; path = MTN2RVRTests.swift; sourceTree = "<group>"; };
		81D4523A1F1ED0F800F4D32E /* Info.plist */ = {isa = PBXFileReference; lastKnownFileType = text.plist.xml; path = Info.plist; sourceTree = "<group>"; };
		81D4523F1F1ED0F800F4D32E /* MTN2RVRUITests.xctest */ = {isa = PBXFileReference; explicitFileType = wrapper.cfbundle; includeInIndex = 0; path = MTN2RVRUITests.xctest; sourceTree = BUILT_PRODUCTS_DIR; };
		81D452431F1ED0F800F4D32E /* MTN2RVRUITests.swift */ = {isa = PBXFileReference; lastKnownFileType = sourcecode.swift; path = MTN2RVRUITests.swift; sourceTree = "<group>"; };
		81D452451F1ED0F800F4D32E /* Info.plist */ = {isa = PBXFileReference; lastKnownFileType = text.plist.xml; path = Info.plist; sourceTree = "<group>"; };
		81FA7E401F2ACA3F001F5E49 /* MTN2RVR.xcdatamodel */ = {isa = PBXFileReference; lastKnownFileType = wrapper.xcdatamodel; path = MTN2RVR.xcdatamodel; sourceTree = "<group>"; };
/* End PBXFileReference section */

/* Begin PBXFrameworksBuildPhase section */
		81D4521D1F1ED0F800F4D32E /* Frameworks */ = {
			isa = PBXFrameworksBuildPhase;
			buildActionMask = 2147483647;
			files = (
			);
			runOnlyForDeploymentPostprocessing = 0;
		};
		81D452311F1ED0F800F4D32E /* Frameworks */ = {
			isa = PBXFrameworksBuildPhase;
			buildActionMask = 2147483647;
			files = (
			);
			runOnlyForDeploymentPostprocessing = 0;
		};
		81D4523C1F1ED0F800F4D32E /* Frameworks */ = {
			isa = PBXFrameworksBuildPhase;
			buildActionMask = 2147483647;
			files = (
			);
			runOnlyForDeploymentPostprocessing = 0;
		};
/* End PBXFrameworksBuildPhase section */

/* Begin PBXGroup section */
		81D452171F1ED0F800F4D32E = {
			isa = PBXGroup;
			children = (
				81D452221F1ED0F800F4D32E /* MTN2RVR */,
				81D452371F1ED0F800F4D32E /* MTN2RVRTests */,
				81D452421F1ED0F800F4D32E /* MTN2RVRUITests */,
				81D452211F1ED0F800F4D32E /* Products */,
			);
			sourceTree = "<group>";
		};
		81D452211F1ED0F800F4D32E /* Products */ = {
			isa = PBXGroup;
			children = (
				81D452201F1ED0F800F4D32E /* MTN2RVR.app */,
				81D452341F1ED0F800F4D32E /* MTN2RVRTests.xctest */,
				81D4523F1F1ED0F800F4D32E /* MTN2RVRUITests.xctest */,
			);
			name = Products;
			sourceTree = "<group>";
		};
		81D452221F1ED0F800F4D32E /* MTN2RVR */ = {
			isa = PBXGroup;
			children = (
				81D452231F1ED0F800F4D32E /* AppDelegate.swift */,
				81D452551F1ED11700F4D32E /* Storyboards */,
				81D452541F1ED11600F4D32E /* Views */,
				81D452531F1ED11400F4D32E /* ViewControllers */,
				81D452521F1ED11300F4D32E /* ModelControllers */,
				81D452511F1ED10F00F4D32E /* Models */,
				81D452571F1ED15900F4D32E /* HelperFiles */,
				81D452561F1ED13700F4D32E /* Resources */,
			);
			path = MTN2RVR;
			sourceTree = "<group>";
		};
		81D452371F1ED0F800F4D32E /* MTN2RVRTests */ = {
			isa = PBXGroup;
			children = (
				81D452381F1ED0F800F4D32E /* MTN2RVRTests.swift */,
				81D4523A1F1ED0F800F4D32E /* Info.plist */,
			);
			path = MTN2RVRTests;
			sourceTree = "<group>";
		};
		81D452421F1ED0F800F4D32E /* MTN2RVRUITests */ = {
			isa = PBXGroup;
			children = (
				81D452431F1ED0F800F4D32E /* MTN2RVRUITests.swift */,
				81D452451F1ED0F800F4D32E /* Info.plist */,
			);
			path = MTN2RVRUITests;
			sourceTree = "<group>";
		};
		81D452511F1ED10F00F4D32E /* Models */ = {
			isa = PBXGroup;
			children = (
				81FA7E3F1F2ACA3F001F5E49 /* MTN2RVR.xcdatamodeld */,
			);
			name = Models;
			sourceTree = "<group>";
		};
		81D452521F1ED11300F4D32E /* ModelControllers */ = {
			isa = PBXGroup;
			children = (
			);
			name = ModelControllers;
			sourceTree = "<group>";
		};
		81D452531F1ED11400F4D32E /* ViewControllers */ = {
			isa = PBXGroup;
			children = (
			);
			name = ViewControllers;
			sourceTree = "<group>";
		};
		81D452541F1ED11600F4D32E /* Views */ = {
			isa = PBXGroup;
			children = (
			);
			name = Views;
			sourceTree = "<group>";
		};
		81D452551F1ED11700F4D32E /* Storyboards */ = {
			isa = PBXGroup;
			children = (
				81D452271F1ED0F800F4D32E /* Main.storyboard */,
				81D4522C1F1ED0F800F4D32E /* LaunchScreen.storyboard */,
			);
			name = Storyboards;
			sourceTree = "<group>";
		};
		81D452561F1ED13700F4D32E /* Resources */ = {
			isa = PBXGroup;
			children = (
				81D4522A1F1ED0F800F4D32E /* Assets.xcassets */,
				81D4522F1F1ED0F800F4D32E /* Info.plist */,
			);
			name = Resources;
			sourceTree = "<group>";
		};
		81D452571F1ED15900F4D32E /* HelperFiles */ = {
			isa = PBXGroup;
			children = (
			);
			name = HelperFiles;
			sourceTree = "<group>";
		};
/* End PBXGroup section */

/* Begin PBXNativeTarget section */
		81D4521F1F1ED0F800F4D32E /* MTN2RVR */ = {
			isa = PBXNativeTarget;
			buildConfigurationList = 81D452481F1ED0F800F4D32E /* Build configuration list for PBXNativeTarget "MTN2RVR" */;
			buildPhases = (
				81D4521C1F1ED0F800F4D32E /* Sources */,
				81D4521D1F1ED0F800F4D32E /* Frameworks */,
				81D4521E1F1ED0F800F4D32E /* Resources */,
			);
			buildRules = (
			);
			dependencies = (
			);
			name = MTN2RVR;
			productName = MTN2RVR;
			productReference = 81D452201F1ED0F800F4D32E /* MTN2RVR.app */;
			productType = "com.apple.product-type.application";
		};
		81D452331F1ED0F800F4D32E /* MTN2RVRTests */ = {
			isa = PBXNativeTarget;
			buildConfigurationList = 81D4524B1F1ED0F800F4D32E /* Build configuration list for PBXNativeTarget "MTN2RVRTests" */;
			buildPhases = (
				81D452301F1ED0F800F4D32E /* Sources */,
				81D452311F1ED0F800F4D32E /* Frameworks */,
				81D452321F1ED0F800F4D32E /* Resources */,
			);
			buildRules = (
			);
			dependencies = (
				81D452361F1ED0F800F4D32E /* PBXTargetDependency */,
			);
			name = MTN2RVRTests;
			productName = MTN2RVRTests;
			productReference = 81D452341F1ED0F800F4D32E /* MTN2RVRTests.xctest */;
			productType = "com.apple.product-type.bundle.unit-test";
		};
		81D4523E1F1ED0F800F4D32E /* MTN2RVRUITests */ = {
			isa = PBXNativeTarget;
			buildConfigurationList = 81D4524E1F1ED0F800F4D32E /* Build configuration list for PBXNativeTarget "MTN2RVRUITests" */;
			buildPhases = (
				81D4523B1F1ED0F800F4D32E /* Sources */,
				81D4523C1F1ED0F800F4D32E /* Frameworks */,
				81D4523D1F1ED0F800F4D32E /* Resources */,
			);
			buildRules = (
			);
			dependencies = (
				81D452411F1ED0F800F4D32E /* PBXTargetDependency */,
			);
			name = MTN2RVRUITests;
			productName = MTN2RVRUITests;
			productReference = 81D4523F1F1ED0F800F4D32E /* MTN2RVRUITests.xctest */;
			productType = "com.apple.product-type.bundle.ui-testing";
		};
/* End PBXNativeTarget section */

/* Begin PBXProject section */
		81D452181F1ED0F800F4D32E /* Project object */ = {
			isa = PBXProject;
			attributes = {
				LastSwiftUpdateCheck = 0830;
				LastUpgradeCheck = 0830;
				ORGANIZATIONNAME = "Git Swifty";
				TargetAttributes = {
					81D4521F1F1ED0F800F4D32E = {
						CreatedOnToolsVersion = 8.3.3;
						DevelopmentTeam = 5H73PY6T7Z;
						ProvisioningStyle = Automatic;
					};
					81D452331F1ED0F800F4D32E = {
						CreatedOnToolsVersion = 8.3.3;
						DevelopmentTeam = 5H73PY6T7Z;
						ProvisioningStyle = Automatic;
						TestTargetID = 81D4521F1F1ED0F800F4D32E;
					};
					81D4523E1F1ED0F800F4D32E = {
						CreatedOnToolsVersion = 8.3.3;
						DevelopmentTeam = 5H73PY6T7Z;
						ProvisioningStyle = Automatic;
						TestTargetID = 81D4521F1F1ED0F800F4D32E;
					};
				};
			};
			buildConfigurationList = 81D4521B1F1ED0F800F4D32E /* Build configuration list for PBXProject "MTN2RVR" */;
			compatibilityVersion = "Xcode 3.2";
			developmentRegion = English;
			hasScannedForEncodings = 0;
			knownRegions = (
				en,
				Base,
			);
			mainGroup = 81D452171F1ED0F800F4D32E;
			productRefGroup = 81D452211F1ED0F800F4D32E /* Products */;
			projectDirPath = "";
			projectRoot = "";
			targets = (
				81D4521F1F1ED0F800F4D32E /* MTN2RVR */,
				81D452331F1ED0F800F4D32E /* MTN2RVRTests */,
				81D4523E1F1ED0F800F4D32E /* MTN2RVRUITests */,
			);
		};
/* End PBXProject section */

/* Begin PBXResourcesBuildPhase section */
		81D4521E1F1ED0F800F4D32E /* Resources */ = {
			isa = PBXResourcesBuildPhase;
			buildActionMask = 2147483647;
			files = (
				81D4522E1F1ED0F800F4D32E /* LaunchScreen.storyboard in Resources */,
				81D4522B1F1ED0F800F4D32E /* Assets.xcassets in Resources */,
				81D452291F1ED0F800F4D32E /* Main.storyboard in Resources */,
			);
			runOnlyForDeploymentPostprocessing = 0;
		};
		81D452321F1ED0F800F4D32E /* Resources */ = {
			isa = PBXResourcesBuildPhase;
			buildActionMask = 2147483647;
			files = (
			);
			runOnlyForDeploymentPostprocessing = 0;
		};
		81D4523D1F1ED0F800F4D32E /* Resources */ = {
			isa = PBXResourcesBuildPhase;
			buildActionMask = 2147483647;
			files = (
			);
			runOnlyForDeploymentPostprocessing = 0;
		};
/* End PBXResourcesBuildPhase section */

/* Begin PBXSourcesBuildPhase section */
		81D4521C1F1ED0F800F4D32E /* Sources */ = {
			isa = PBXSourcesBuildPhase;
			buildActionMask = 2147483647;
			files = (
				81D452241F1ED0F800F4D32E /* AppDelegate.swift in Sources */,
				81FA7E411F2ACA3F001F5E49 /* MTN2RVR.xcdatamodeld in Sources */,
			);
			runOnlyForDeploymentPostprocessing = 0;
		};
		81D452301F1ED0F800F4D32E /* Sources */ = {
			isa = PBXSourcesBuildPhase;
			buildActionMask = 2147483647;
			files = (
				81D452391F1ED0F800F4D32E /* MTN2RVRTests.swift in Sources */,
			);
			runOnlyForDeploymentPostprocessing = 0;
		};
		81D4523B1F1ED0F800F4D32E /* Sources */ = {
			isa = PBXSourcesBuildPhase;
			buildActionMask = 2147483647;
			files = (
				81D452441F1ED0F800F4D32E /* MTN2RVRUITests.swift in Sources */,
			);
			runOnlyForDeploymentPostprocessing = 0;
		};
/* End PBXSourcesBuildPhase section */

/* Begin PBXTargetDependency section */
		81D452361F1ED0F800F4D32E /* PBXTargetDependency */ = {
			isa = PBXTargetDependency;
			target = 81D4521F1F1ED0F800F4D32E /* MTN2RVR */;
			targetProxy = 81D452351F1ED0F800F4D32E /* PBXContainerItemProxy */;
		};
		81D452411F1ED0F800F4D32E /* PBXTargetDependency */ = {
			isa = PBXTargetDependency;
			target = 81D4521F1F1ED0F800F4D32E /* MTN2RVR */;
			targetProxy = 81D452401F1ED0F800F4D32E /* PBXContainerItemProxy */;
		};
/* End PBXTargetDependency section */

/* Begin PBXVariantGroup section */
		81D452271F1ED0F800F4D32E /* Main.storyboard */ = {
			isa = PBXVariantGroup;
			children = (
				81D452281F1ED0F800F4D32E /* Base */,
			);
			name = Main.storyboard;
			sourceTree = "<group>";
		};
		81D4522C1F1ED0F800F4D32E /* LaunchScreen.storyboard */ = {
			isa = PBXVariantGroup;
			children = (
				81D4522D1F1ED0F800F4D32E /* Base */,
			);
			name = LaunchScreen.storyboard;
			sourceTree = "<group>";
		};
/* End PBXVariantGroup section */

/* Begin XCBuildConfiguration section */
		81D452461F1ED0F800F4D32E /* Debug */ = {
			isa = XCBuildConfiguration;
			buildSettings = {
				ALWAYS_SEARCH_USER_PATHS = NO;
				CLANG_ANALYZER_NONNULL = YES;
				CLANG_ANALYZER_NUMBER_OBJECT_CONVERSION = YES_AGGRESSIVE;
				CLANG_CXX_LANGUAGE_STANDARD = "gnu++0x";
				CLANG_CXX_LIBRARY = "libc++";
				CLANG_ENABLE_MODULES = YES;
				CLANG_ENABLE_OBJC_ARC = YES;
				CLANG_WARN_BOOL_CONVERSION = YES;
				CLANG_WARN_CONSTANT_CONVERSION = YES;
				CLANG_WARN_DIRECT_OBJC_ISA_USAGE = YES_ERROR;
				CLANG_WARN_DOCUMENTATION_COMMENTS = YES;
				CLANG_WARN_EMPTY_BODY = YES;
				CLANG_WARN_ENUM_CONVERSION = YES;
				CLANG_WARN_INFINITE_RECURSION = YES;
				CLANG_WARN_INT_CONVERSION = YES;
				CLANG_WARN_OBJC_ROOT_CLASS = YES_ERROR;
				CLANG_WARN_SUSPICIOUS_MOVE = YES;
				CLANG_WARN_UNREACHABLE_CODE = YES;
				CLANG_WARN__DUPLICATE_METHOD_MATCH = YES;
				"CODE_SIGN_IDENTITY[sdk=iphoneos*]" = "iPhone Developer";
				COPY_PHASE_STRIP = NO;
				DEBUG_INFORMATION_FORMAT = dwarf;
				ENABLE_STRICT_OBJC_MSGSEND = YES;
				ENABLE_TESTABILITY = YES;
				GCC_C_LANGUAGE_STANDARD = gnu99;
				GCC_DYNAMIC_NO_PIC = NO;
				GCC_NO_COMMON_BLOCKS = YES;
				GCC_OPTIMIZATION_LEVEL = 0;
				GCC_PREPROCESSOR_DEFINITIONS = (
					"DEBUG=1",
					"$(inherited)",
				);
				GCC_WARN_64_TO_32_BIT_CONVERSION = YES;
				GCC_WARN_ABOUT_RETURN_TYPE = YES_ERROR;
				GCC_WARN_UNDECLARED_SELECTOR = YES;
				GCC_WARN_UNINITIALIZED_AUTOS = YES_AGGRESSIVE;
				GCC_WARN_UNUSED_FUNCTION = YES;
				GCC_WARN_UNUSED_VARIABLE = YES;
				IPHONEOS_DEPLOYMENT_TARGET = 10.3;
				MTL_ENABLE_DEBUG_INFO = YES;
				ONLY_ACTIVE_ARCH = YES;
				SDKROOT = iphoneos;
				SWIFT_ACTIVE_COMPILATION_CONDITIONS = DEBUG;
				SWIFT_OPTIMIZATION_LEVEL = "-Onone";
				TARGETED_DEVICE_FAMILY = "1,2";
			};
			name = Debug;
		};
		81D452471F1ED0F800F4D32E /* Release */ = {
			isa = XCBuildConfiguration;
			buildSettings = {
				ALWAYS_SEARCH_USER_PATHS = NO;
				CLANG_ANALYZER_NONNULL = YES;
				CLANG_ANALYZER_NUMBER_OBJECT_CONVERSION = YES_AGGRESSIVE;
				CLANG_CXX_LANGUAGE_STANDARD = "gnu++0x";
				CLANG_CXX_LIBRARY = "libc++";
				CLANG_ENABLE_MODULES = YES;
				CLANG_ENABLE_OBJC_ARC = YES;
				CLANG_WARN_BOOL_CONVERSION = YES;
				CLANG_WARN_CONSTANT_CONVERSION = YES;
				CLANG_WARN_DIRECT_OBJC_ISA_USAGE = YES_ERROR;
				CLANG_WARN_DOCUMENTATION_COMMENTS = YES;
				CLANG_WARN_EMPTY_BODY = YES;
				CLANG_WARN_ENUM_CONVERSION = YES;
				CLANG_WARN_INFINITE_RECURSION = YES;
				CLANG_WARN_INT_CONVERSION = YES;
				CLANG_WARN_OBJC_ROOT_CLASS = YES_ERROR;
				CLANG_WARN_SUSPICIOUS_MOVE = YES;
				CLANG_WARN_UNREACHABLE_CODE = YES;
				CLANG_WARN__DUPLICATE_METHOD_MATCH = YES;
				"CODE_SIGN_IDENTITY[sdk=iphoneos*]" = "iPhone Developer";
				COPY_PHASE_STRIP = NO;
				DEBUG_INFORMATION_FORMAT = "dwarf-with-dsym";
				ENABLE_NS_ASSERTIONS = NO;
				ENABLE_STRICT_OBJC_MSGSEND = YES;
				GCC_C_LANGUAGE_STANDARD = gnu99;
				GCC_NO_COMMON_BLOCKS = YES;
				GCC_WARN_64_TO_32_BIT_CONVERSION = YES;
				GCC_WARN_ABOUT_RETURN_TYPE = YES_ERROR;
				GCC_WARN_UNDECLARED_SELECTOR = YES;
				GCC_WARN_UNINITIALIZED_AUTOS = YES_AGGRESSIVE;
				GCC_WARN_UNUSED_FUNCTION = YES;
				GCC_WARN_UNUSED_VARIABLE = YES;
				IPHONEOS_DEPLOYMENT_TARGET = 10.3;
				MTL_ENABLE_DEBUG_INFO = NO;
				SDKROOT = iphoneos;
				SWIFT_OPTIMIZATION_LEVEL = "-Owholemodule";
				TARGETED_DEVICE_FAMILY = "1,2";
				VALIDATE_PRODUCT = YES;
			};
			name = Release;
		};
		81D452491F1ED0F800F4D32E /* Debug */ = {
			isa = XCBuildConfiguration;
			buildSettings = {
				ASSETCATALOG_COMPILER_APPICON_NAME = AppIcon;
				DEVELOPMENT_TEAM = 5H73PY6T7Z;
				INFOPLIST_FILE = MTN2RVR/Info.plist;
				LD_RUNPATH_SEARCH_PATHS = "$(inherited) @executable_path/Frameworks";
				PRODUCT_BUNDLE_IDENTIFIER = com.gitSwifty.MTN2RVR;
				PRODUCT_NAME = "$(TARGET_NAME)";
				SWIFT_VERSION = 3.0;
			};
			name = Debug;
		};
		81D4524A1F1ED0F800F4D32E /* Release */ = {
			isa = XCBuildConfiguration;
			buildSettings = {
				ASSETCATALOG_COMPILER_APPICON_NAME = AppIcon;
				DEVELOPMENT_TEAM = 5H73PY6T7Z;
				INFOPLIST_FILE = MTN2RVR/Info.plist;
				LD_RUNPATH_SEARCH_PATHS = "$(inherited) @executable_path/Frameworks";
				PRODUCT_BUNDLE_IDENTIFIER = com.gitSwifty.MTN2RVR;
				PRODUCT_NAME = "$(TARGET_NAME)";
				SWIFT_VERSION = 3.0;
			};
			name = Release;
		};
		81D4524C1F1ED0F800F4D32E /* Debug */ = {
			isa = XCBuildConfiguration;
			buildSettings = {
				ALWAYS_EMBED_SWIFT_STANDARD_LIBRARIES = YES;
				BUNDLE_LOADER = "$(TEST_HOST)";
				DEVELOPMENT_TEAM = 5H73PY6T7Z;
				INFOPLIST_FILE = MTN2RVRTests/Info.plist;
				LD_RUNPATH_SEARCH_PATHS = "$(inherited) @executable_path/Frameworks @loader_path/Frameworks";
				PRODUCT_BUNDLE_IDENTIFIER = com.gitSwifty.MTN2RVRTests;
				PRODUCT_NAME = "$(TARGET_NAME)";
				SWIFT_VERSION = 3.0;
				TEST_HOST = "$(BUILT_PRODUCTS_DIR)/MTN2RVR.app/MTN2RVR";
			};
			name = Debug;
		};
		81D4524D1F1ED0F800F4D32E /* Release */ = {
			isa = XCBuildConfiguration;
			buildSettings = {
				ALWAYS_EMBED_SWIFT_STANDARD_LIBRARIES = YES;
				BUNDLE_LOADER = "$(TEST_HOST)";
				DEVELOPMENT_TEAM = 5H73PY6T7Z;
				INFOPLIST_FILE = MTN2RVRTests/Info.plist;
				LD_RUNPATH_SEARCH_PATHS = "$(inherited) @executable_path/Frameworks @loader_path/Frameworks";
				PRODUCT_BUNDLE_IDENTIFIER = com.gitSwifty.MTN2RVRTests;
				PRODUCT_NAME = "$(TARGET_NAME)";
				SWIFT_VERSION = 3.0;
				TEST_HOST = "$(BUILT_PRODUCTS_DIR)/MTN2RVR.app/MTN2RVR";
			};
			name = Release;
		};
		81D4524F1F1ED0F800F4D32E /* Debug */ = {
			isa = XCBuildConfiguration;
			buildSettings = {
				ALWAYS_EMBED_SWIFT_STANDARD_LIBRARIES = YES;
				DEVELOPMENT_TEAM = 5H73PY6T7Z;
				INFOPLIST_FILE = MTN2RVRUITests/Info.plist;
				LD_RUNPATH_SEARCH_PATHS = "$(inherited) @executable_path/Frameworks @loader_path/Frameworks";
				PRODUCT_BUNDLE_IDENTIFIER = com.gitSwifty.MTN2RVRUITests;
				PRODUCT_NAME = "$(TARGET_NAME)";
				SWIFT_VERSION = 3.0;
				TEST_TARGET_NAME = MTN2RVR;
			};
			name = Debug;
		};
		81D452501F1ED0F800F4D32E /* Release */ = {
			isa = XCBuildConfiguration;
			buildSettings = {
				ALWAYS_EMBED_SWIFT_STANDARD_LIBRARIES = YES;
				DEVELOPMENT_TEAM = 5H73PY6T7Z;
				INFOPLIST_FILE = MTN2RVRUITests/Info.plist;
				LD_RUNPATH_SEARCH_PATHS = "$(inherited) @executable_path/Frameworks @loader_path/Frameworks";
				PRODUCT_BUNDLE_IDENTIFIER = com.gitSwifty.MTN2RVRUITests;
				PRODUCT_NAME = "$(TARGET_NAME)";
				SWIFT_VERSION = 3.0;
				TEST_TARGET_NAME = MTN2RVR;
			};
			name = Release;
		};
/* End XCBuildConfiguration section */

/* Begin XCConfigurationList section */
		81D4521B1F1ED0F800F4D32E /* Build configuration list for PBXProject "MTN2RVR" */ = {
			isa = XCConfigurationList;
			buildConfigurations = (
				81D452461F1ED0F800F4D32E /* Debug */,
				81D452471F1ED0F800F4D32E /* Release */,
			);
			defaultConfigurationIsVisible = 0;
			defaultConfigurationName = Release;
		};
		81D452481F1ED0F800F4D32E /* Build configuration list for PBXNativeTarget "MTN2RVR" */ = {
			isa = XCConfigurationList;
			buildConfigurations = (
				81D452491F1ED0F800F4D32E /* Debug */,
				81D4524A1F1ED0F800F4D32E /* Release */,
			);
			defaultConfigurationIsVisible = 0;
			defaultConfigurationName = Release;
		};
		81D4524B1F1ED0F800F4D32E /* Build configuration list for PBXNativeTarget "MTN2RVRTests" */ = {
			isa = XCConfigurationList;
			buildConfigurations = (
				81D4524C1F1ED0F800F4D32E /* Debug */,
				81D4524D1F1ED0F800F4D32E /* Release */,
			);
			defaultConfigurationIsVisible = 0;
			defaultConfigurationName = Release;
		};
		81D4524E1F1ED0F800F4D32E /* Build configuration list for PBXNativeTarget "MTN2RVRUITests" */ = {
			isa = XCConfigurationList;
			buildConfigurations = (
				81D4524F1F1ED0F800F4D32E /* Debug */,
				81D452501F1ED0F800F4D32E /* Release */,
			);
			defaultConfigurationIsVisible = 0;
			defaultConfigurationName = Release;
		};
/* End XCConfigurationList section */

/* Begin XCVersionGroup section */
		81FA7E3F1F2ACA3F001F5E49 /* MTN2RVR.xcdatamodeld */ = {
			isa = XCVersionGroup;
			children = (
				81FA7E401F2ACA3F001F5E49 /* MTN2RVR.xcdatamodel */,
			);
			currentVersion = 81FA7E401F2ACA3F001F5E49 /* MTN2RVR.xcdatamodel */;
			path = MTN2RVR.xcdatamodeld;
			sourceTree = "<group>";
			versionGroupType = wrapper.xcdatamodel;
		};
/* End XCVersionGroup section */
	};
	rootObject = 81D452181F1ED0F800F4D32E /* Project object */;
}
